# This is a Gradle generated file for dependency locking.
# Manual edits can break the build and are not advised.
# This file is expected to be part of source control.
com.box:box-java-sdk:4.0.0
com.eclipsesource.minimal-json:minimal-json:0.9.5
com.fasterxml.jackson.core:jackson-annotations:2.6.7
com.fasterxml.jackson.core:jackson-core:2.6.7
com.fasterxml.jackson.core:jackson-databind:2.6.7
com.fasterxml.jackson.datatype:jackson-datatype-jdk8:2.6.7
com.squareup.okhttp3:okhttp:4.10.0
com.squareup.okio:okio-jvm:3.0.0
com.squareup.okio:okio:3.0.0
javax.validation:validation-api:1.1.0.Final
org.bitbucket.b_c:jose4j:0.9.0
org.bouncycastle:bcpkix-jdk15on:1.70
org.bouncycastle:bcprov-jdk15on:1.70
org.bouncycastle:bcutil-jdk15on:1.70
org.embulk:embulk-util-config:0.3.2
org.embulk:embulk-util-file:0.1.3
org.jetbrains.kotlin:kotlin-stdlib-common:1.6.20
org.jetbrains.kotlin:kotlin-stdlib-jdk7:1.5.31
org.jetbrains.kotlin:kotlin-stdlib-jdk8:1.5.31
org.jetbrains.kotlin:kotlin-stdlib:1.6.20
org.jetbrains:annotations:13.0
org.slf4j:slf4j-api:1.7.21
